// !$*UTF8*$!
{
	archiveVersion = 1;
	classes = {
	};
	objectVersion = 50;
	objects = {

/* Begin PBXBuildFile section */
		7B238B89229B6EB40032D00F /* AppDelegate.swift in Sources */ = {isa = PBXBuildFile; fileRef = 7B238B88229B6EB40032D00F /* AppDelegate.swift */; };
		7B238B8B229B6EB40032D00F /* KanjiViewController.swift in Sources */ = {isa = PBXBuildFile; fileRef = 7B238B8A229B6EB40032D00F /* KanjiViewController.swift */; };
		7B238B8E229B6EB50032D00F /* Main.storyboard in Resources */ = {isa = PBXBuildFile; fileRef = 7B238B8C229B6EB50032D00F /* Main.storyboard */; };
		7B238B91229B6EB50032D00F /* MyKanji.xcdatamodeld in Sources */ = {isa = PBXBuildFile; fileRef = 7B238B8F229B6EB50032D00F /* MyKanji.xcdatamodeld */; };
		7B238B93229B6EB60032D00F /* Assets.xcassets in Resources */ = {isa = PBXBuildFile; fileRef = 7B238B92229B6EB60032D00F /* Assets.xcassets */; };
		7B238B96229B6EB60032D00F /* LaunchScreen.storyboard in Resources */ = {isa = PBXBuildFile; fileRef = 7B238B94229B6EB60032D00F /* LaunchScreen.storyboard */; };
		7B238BA1229B80030032D00F /* KanjiModel.swift in Sources */ = {isa = PBXBuildFile; fileRef = 7B238BA0229B80030032D00F /* KanjiModel.swift */; };
		7B238BA3229B82AB0032D00F /* KanjiAPI.swift in Sources */ = {isa = PBXBuildFile; fileRef = 7B238BA2229B82AB0032D00F /* KanjiAPI.swift */; };
		7B238BA7229CC7BA0032D00F /* SelectLevelViewController.swift in Sources */ = {isa = PBXBuildFile; fileRef = 7B238BA6229CC7BA0032D00F /* SelectLevelViewController.swift */; };
		7B238BAD229D09220032D00F /* CardViewController.swift in Sources */ = {isa = PBXBuildFile; fileRef = 7B238BAC229D09220032D00F /* CardViewController.swift */; };
		7BBD1B36229E12CD0033635E /* KanjiLevelCollectionViewCell.swift in Sources */ = {isa = PBXBuildFile; fileRef = 7BBD1B35229E12CD0033635E /* KanjiLevelCollectionViewCell.swift */; };
/* End PBXBuildFile section */

/* Begin PBXFileReference section */
		7B238B85229B6EB40032D00F /* MyKanji.app */ = {isa = PBXFileReference; explicitFileType = wrapper.application; includeInIndex = 0; path = MyKanji.app; sourceTree = BUILT_PRODUCTS_DIR; };
		7B238B88229B6EB40032D00F /* AppDelegate.swift */ = {isa = PBXFileReference; lastKnownFileType = sourcecode.swift; path = AppDelegate.swift; sourceTree = "<group>"; };
		7B238B8A229B6EB40032D00F /* KanjiViewController.swift */ = {isa = PBXFileReference; lastKnownFileType = sourcecode.swift; path = KanjiViewController.swift; sourceTree = "<group>"; };
		7B238B8D229B6EB50032D00F /* Base */ = {isa = PBXFileReference; lastKnownFileType = file.storyboard; name = Base; path = Base.lproj/Main.storyboard; sourceTree = "<group>"; };
		7B238B90229B6EB50032D00F /* MyKanji.xcdatamodel */ = {isa = PBXFileReference; lastKnownFileType = wrapper.xcdatamodel; path = MyKanji.xcdatamodel; sourceTree = "<group>"; };
		7B238B92229B6EB60032D00F /* Assets.xcassets */ = {isa = PBXFileReference; lastKnownFileType = folder.assetcatalog; path = Assets.xcassets; sourceTree = "<group>"; };
		7B238B95229B6EB60032D00F /* Base */ = {isa = PBXFileReference; lastKnownFileType = file.storyboard; name = Base; path = Base.lproj/LaunchScreen.storyboard; sourceTree = "<group>"; };
		7B238B97229B6EB60032D00F /* Info.plist */ = {isa = PBXFileReference; lastKnownFileType = text.plist.xml; path = Info.plist; sourceTree = "<group>"; };
		7B238BA0229B80030032D00F /* KanjiModel.swift */ = {isa = PBXFileReference; lastKnownFileType = sourcecode.swift; path = KanjiModel.swift; sourceTree = "<group>"; };
		7B238BA2229B82AB0032D00F /* KanjiAPI.swift */ = {isa = PBXFileReference; lastKnownFileType = sourcecode.swift; path = KanjiAPI.swift; sourceTree = "<group>"; };
		7B238BA6229CC7BA0032D00F /* SelectLevelViewController.swift */ = {isa = PBXFileReference; lastKnownFileType = sourcecode.swift; path = SelectLevelViewController.swift; sourceTree = "<group>"; };
		7B238BAC229D09220032D00F /* CardViewController.swift */ = {isa = PBXFileReference; lastKnownFileType = sourcecode.swift; path = CardViewController.swift; sourceTree = "<group>"; };
		7BA035EE22A4A6F0002DC1BF /* MyKanji.entitlements */ = {isa = PBXFileReference; lastKnownFileType = text.plist.entitlements; path = MyKanji.entitlements; sourceTree = "<group>"; };
		7BBD1B35229E12CD0033635E /* KanjiLevelCollectionViewCell.swift */ = {isa = PBXFileReference; lastKnownFileType = sourcecode.swift; path = KanjiLevelCollectionViewCell.swift; sourceTree = "<group>"; };
/* End PBXFileReference section */

/* Begin PBXFrameworksBuildPhase section */
		7B238B82229B6EB40032D00F /* Frameworks */ = {
			isa = PBXFrameworksBuildPhase;
			buildActionMask = 2147483647;
			files = (
			);
			runOnlyForDeploymentPostprocessing = 0;
		};
/* End PBXFrameworksBuildPhase section */

/* Begin PBXGroup section */
		7B238B7C229B6EB40032D00F = {
			isa = PBXGroup;
			children = (
				7B238B87229B6EB40032D00F /* MyKanji */,
				7B238B86229B6EB40032D00F /* Products */,
			);
			sourceTree = "<group>";
		};
		7B238B86229B6EB40032D00F /* Products */ = {
			isa = PBXGroup;
			children = (
				7B238B85229B6EB40032D00F /* MyKanji.app */,
			);
			name = Products;
			sourceTree = "<group>";
		};
		7B238B87229B6EB40032D00F /* MyKanji */ = {
			isa = PBXGroup;
			children = (
				7BA035EE22A4A6F0002DC1BF /* MyKanji.entitlements */,
				7B238B9D229B7FAD0032D00F /* Controller */,
				7B238B9E229B7FBD0032D00F /* View */,
				7B238B97229B6EB60032D00F /* Info.plist */,
				7B238B9F229B7FC90032D00F /* Model */,
			);
			path = MyKanji;
			sourceTree = "<group>";
		};
		7B238B9D229B7FAD0032D00F /* Controller */ = {
			isa = PBXGroup;
			children = (
				7B238B88229B6EB40032D00F /* AppDelegate.swift */,
				7B238B8A229B6EB40032D00F /* KanjiViewController.swift */,
				7B238BA6229CC7BA0032D00F /* SelectLevelViewController.swift */,
				7B238BAC229D09220032D00F /* CardViewController.swift */,
			);
			path = Controller;
			sourceTree = "<group>";
		};
		7B238B9E229B7FBD0032D00F /* View */ = {
			isa = PBXGroup;
			children = (
				7B238B8C229B6EB50032D00F /* Main.storyboard */,
				7B238B92229B6EB60032D00F /* Assets.xcassets */,
				7B238B94229B6EB60032D00F /* LaunchScreen.storyboard */,
				7BBD1B35229E12CD0033635E /* KanjiLevelCollectionViewCell.swift */,
			);
			path = View;
			sourceTree = "<group>";
		};
		7B238B9F229B7FC90032D00F /* Model */ = {
			isa = PBXGroup;
			children = (
				7B238B8F229B6EB50032D00F /* MyKanji.xcdatamodeld */,
				7B238BA0229B80030032D00F /* KanjiModel.swift */,
				7B238BA2229B82AB0032D00F /* KanjiAPI.swift */,
			);
			path = Model;
			sourceTree = "<group>";
		};
/* End PBXGroup section */

/* Begin PBXNativeTarget section */
		7B238B84229B6EB40032D00F /* MyKanji */ = {
			isa = PBXNativeTarget;
			buildConfigurationList = 7B238B9A229B6EB60032D00F /* Build configuration list for PBXNativeTarget "MyKanji" */;
			buildPhases = (
				7B238B81229B6EB40032D00F /* Sources */,
				7B238B82229B6EB40032D00F /* Frameworks */,
				7B238B83229B6EB40032D00F /* Resources */,
			);
			buildRules = (
			);
			dependencies = (
			);
			name = MyKanji;
			productName = MyKanji;
			productReference = 7B238B85229B6EB40032D00F /* MyKanji.app */;
			productType = "com.apple.product-type.application";
		};
/* End PBXNativeTarget section */

/* Begin PBXProject section */
		7B238B7D229B6EB40032D00F /* Project object */ = {
			isa = PBXProject;
			attributes = {
				LastSwiftUpdateCheck = 1020;
				LastUpgradeCheck = 1020;
				ORGANIZATIONNAME = Sivan.Payyadakath;
				TargetAttributes = {
					7B238B84229B6EB40032D00F = {
						CreatedOnToolsVersion = 10.2.1;
						SystemCapabilities = {
							com.apple.Push = {
								enabled = 0;
							};
						};
					};
				};
			};
			buildConfigurationList = 7B238B80229B6EB40032D00F /* Build configuration list for PBXProject "MyKanji" */;
			compatibilityVersion = "Xcode 9.3";
			developmentRegion = en;
			hasScannedForEncodings = 0;
			knownRegions = (
				en,
				Base,
			);
			mainGroup = 7B238B7C229B6EB40032D00F;
			productRefGroup = 7B238B86229B6EB40032D00F /* Products */;
			projectDirPath = "";
			projectRoot = "";
			targets = (
				7B238B84229B6EB40032D00F /* MyKanji */,
			);
		};
/* End PBXProject section */

/* Begin PBXResourcesBuildPhase section */
		7B238B83229B6EB40032D00F /* Resources */ = {
			isa = PBXResourcesBuildPhase;
			buildActionMask = 2147483647;
			files = (
				7B238B96229B6EB60032D00F /* LaunchScreen.storyboard in Resources */,
				7B238B93229B6EB60032D00F /* Assets.xcassets in Resources */,
				7B238B8E229B6EB50032D00F /* Main.storyboard in Resources */,
			);
			runOnlyForDeploymentPostprocessing = 0;
		};
/* End PBXResourcesBuildPhase section */

/* Begin PBXSourcesBuildPhase section */
		7B238B81229B6EB40032D00F /* Sources */ = {
			isa = PBXSourcesBuildPhase;
			buildActionMask = 2147483647;
			files = (
				7B238B91229B6EB50032D00F /* MyKanji.xcdatamodeld in Sources */,
				7B238BAD229D09220032D00F /* CardViewController.swift in Sources */,
				7B238BA3229B82AB0032D00F /* KanjiAPI.swift in Sources */,
				7B238BA1229B80030032D00F /* KanjiModel.swift in Sources */,
				7B238B8B229B6EB40032D00F /* KanjiViewController.swift in Sources */,
				7BBD1B36229E12CD0033635E /* KanjiLevelCollectionViewCell.swift in Sources */,
				7B238B89229B6EB40032D00F /* AppDelegate.swift in Sources */,
				7B238BA7229CC7BA0032D00F /* SelectLevelViewController.swift in Sources */,
			);
			runOnlyForDeploymentPostprocessing = 0;
		};
/* End PBXSourcesBuildPhase section */

/* Begin PBXVariantGroup section */
		7B238B8C229B6EB50032D00F /* Main.storyboard */ = {
			isa = PBXVariantGroup;
			children = (
				7B238B8D229B6EB50032D00F /* Base */,
			);
			name = Main.storyboard;
			sourceTree = "<group>";
		};
		7B238B94229B6EB60032D00F /* LaunchScreen.storyboard */ = {
			isa = PBXVariantGroup;
			children = (
				7B238B95229B6EB60032D00F /* Base */,
			);
			name = LaunchScreen.storyboard;
			sourceTree = "<group>";
		};
/* End PBXVariantGroup section */

/* Begin XCBuildConfiguration section */
		7B238B98229B6EB60032D00F /* Debug */ = {
			isa = XCBuildConfiguration;
			buildSettings = {
				ALWAYS_SEARCH_USER_PATHS = NO;
				CLANG_ANALYZER_NONNULL = YES;
				CLANG_ANALYZER_NUMBER_OBJECT_CONVERSION = YES_AGGRESSIVE;
				CLANG_CXX_LANGUAGE_STANDARD = "gnu++14";
				CLANG_CXX_LIBRARY = "libc++";
				CLANG_ENABLE_MODULES = YES;
				CLANG_ENABLE_OBJC_ARC = YES;
				CLANG_ENABLE_OBJC_WEAK = YES;
				CLANG_WARN_BLOCK_CAPTURE_AUTORELEASING = YES;
				CLANG_WARN_BOOL_CONVERSION = YES;
				CLANG_WARN_COMMA = YES;
				CLANG_WARN_CONSTANT_CONVERSION = YES;
				CLANG_WARN_DEPRECATED_OBJC_IMPLEMENTATIONS = YES;
				CLANG_WARN_DIRECT_OBJC_ISA_USAGE = YES_ERROR;
				CLANG_WARN_DOCUMENTATION_COMMENTS = YES;
				CLANG_WARN_EMPTY_BODY = YES;
				CLANG_WARN_ENUM_CONVERSION = YES;
				CLANG_WARN_INFINITE_RECURSION = YES;
				CLANG_WARN_INT_CONVERSION = YES;
				CLANG_WARN_NON_LITERAL_NULL_CONVERSION = YES;
				CLANG_WARN_OBJC_IMPLICIT_RETAIN_SELF = YES;
				CLANG_WARN_OBJC_LITERAL_CONVERSION = YES;
				CLANG_WARN_OBJC_ROOT_CLASS = YES_ERROR;
				CLANG_WARN_RANGE_LOOP_ANALYSIS = YES;
				CLANG_WARN_STRICT_PROTOTYPES = YES;
				CLANG_WARN_SUSPICIOUS_MOVE = YES;
				CLANG_WARN_UNGUARDED_AVAILABILITY = YES_AGGRESSIVE;
				CLANG_WARN_UNREACHABLE_CODE = YES;
				CLANG_WARN__DUPLICATE_METHOD_MATCH = YES;
				CODE_SIGN_IDENTITY = "iPhone Developer";
				COPY_PHASE_STRIP = NO;
				DEBUG_INFORMATION_FORMAT = dwarf;
				ENABLE_STRICT_OBJC_MSGSEND = YES;
				ENABLE_TESTABILITY = YES;
				GCC_C_LANGUAGE_STANDARD = gnu11;
				GCC_DYNAMIC_NO_PIC = NO;
				GCC_NO_COMMON_BLOCKS = YES;
				GCC_OPTIMIZATION_LEVEL = 0;
				GCC_PREPROCESSOR_DEFINITIONS = (
					"DEBUG=1",
					"$(inherited)",
				);
				GCC_WARN_64_TO_32_BIT_CONVERSION = YES;
				GCC_WARN_ABOUT_RETURN_TYPE = YES_ERROR;
				GCC_WARN_UNDECLARED_SELECTOR = YES;
				GCC_WARN_UNINITIALIZED_AUTOS = YES_AGGRESSIVE;
				GCC_WARN_UNUSED_FUNCTION = YES;
				GCC_WARN_UNUSED_VARIABLE = YES;
				IPHONEOS_DEPLOYMENT_TARGET = 12.2;
				MTL_ENABLE_DEBUG_INFO = INCLUDE_SOURCE;
				MTL_FAST_MATH = YES;
				ONLY_ACTIVE_ARCH = YES;
				SDKROOT = iphoneos;
				SWIFT_ACTIVE_COMPILATION_CONDITIONS = DEBUG;
				SWIFT_OPTIMIZATION_LEVEL = "-Onone";
			};
			name = Debug;
		};
		7B238B99229B6EB60032D00F /* Release */ = {
			isa = XCBuildConfiguration;
			buildSettings = {
				ALWAYS_SEARCH_USER_PATHS = NO;
				CLANG_ANALYZER_NONNULL = YES;
				CLANG_ANALYZER_NUMBER_OBJECT_CONVERSION = YES_AGGRESSIVE;
				CLANG_CXX_LANGUAGE_STANDARD = "gnu++14";
				CLANG_CXX_LIBRARY = "libc++";
				CLANG_ENABLE_MODULES = YES;
				CLANG_ENABLE_OBJC_ARC = YES;
				CLANG_ENABLE_OBJC_WEAK = YES;
				CLANG_WARN_BLOCK_CAPTURE_AUTORELEASING = YES;
				CLANG_WARN_BOOL_CONVERSION = YES;
				CLANG_WARN_COMMA = YES;
				CLANG_WARN_CONSTANT_CONVERSION = YES;
				CLANG_WARN_DEPRECATED_OBJC_IMPLEMENTATIONS = YES;
				CLANG_WARN_DIRECT_OBJC_ISA_USAGE = YES_ERROR;
				CLANG_WARN_DOCUMENTATION_COMMENTS = YES;
				CLANG_WARN_EMPTY_BODY = YES;
				CLANG_WARN_ENUM_CONVERSION = YES;
				CLANG_WARN_INFINITE_RECURSION = YES;
				CLANG_WARN_INT_CONVERSION = YES;
				CLANG_WARN_NON_LITERAL_NULL_CONVERSION = YES;
				CLANG_WARN_OBJC_IMPLICIT_RETAIN_SELF = YES;
				CLANG_WARN_OBJC_LITERAL_CONVERSION = YES;
				CLANG_WARN_OBJC_ROOT_CLASS = YES_ERROR;
				CLANG_WARN_RANGE_LOOP_ANALYSIS = YES;
				CLANG_WARN_STRICT_PROTOTYPES = YES;
				CLANG_WARN_SUSPICIOUS_MOVE = YES;
				CLANG_WARN_UNGUARDED_AVAILABILITY = YES_AGGRESSIVE;
				CLANG_WARN_UNREACHABLE_CODE = YES;
				CLANG_WARN__DUPLICATE_METHOD_MATCH = YES;
				CODE_SIGN_IDENTITY = "iPhone Developer";
				COPY_PHASE_STRIP = NO;
				DEBUG_INFORMATION_FORMAT = "dwarf-with-dsym";
				ENABLE_NS_ASSERTIONS = NO;
				ENABLE_STRICT_OBJC_MSGSEND = YES;
				GCC_C_LANGUAGE_STANDARD = gnu11;
				GCC_NO_COMMON_BLOCKS = YES;
				GCC_WARN_64_TO_32_BIT_CONVERSION = YES;
				GCC_WARN_ABOUT_RETURN_TYPE = YES_ERROR;
				GCC_WARN_UNDECLARED_SELECTOR = YES;
				GCC_WARN_UNINITIALIZED_AUTOS = YES_AGGRESSIVE;
				GCC_WARN_UNUSED_FUNCTION = YES;
				GCC_WARN_UNUSED_VARIABLE = YES;
				IPHONEOS_DEPLOYMENT_TARGET = 12.2;
				MTL_ENABLE_DEBUG_INFO = NO;
				MTL_FAST_MATH = YES;
				SDKROOT = iphoneos;
				SWIFT_COMPILATION_MODE = wholemodule;
				SWIFT_OPTIMIZATION_LEVEL = "-O";
				VALIDATE_PRODUCT = YES;
			};
			name = Release;
		};
		7B238B9B229B6EB60032D00F /* Debug */ = {
			isa = XCBuildConfiguration;
			buildSettings = {
				ASSETCATALOG_COMPILER_APPICON_NAME = AppIcon;
				CODE_SIGN_STYLE = Automatic;
				DEVELOPMENT_TEAM = "";
				INFOPLIST_FILE = MyKanji/Info.plist;
				LD_RUNPATH_SEARCH_PATHS = (
					"$(inherited)",
					"@executable_path/Frameworks",
				);
				PRODUCT_BUNDLE_IDENTIFIER = "com.sivan-payyadakath.MyKanji";
				PRODUCT_NAME = "$(TARGET_NAME)";
				SWIFT_VERSION = 5.0;
				TARGETED_DEVICE_FAMILY = "1,2";
			};
			name = Debug;
		};
		7B238B9C229B6EB60032D00F /* Release */ = {
			isa = XCBuildConfiguration;
			buildSettings = {
				ASSETCATALOG_COMPILER_APPICON_NAME = AppIcon;
				CODE_SIGN_STYLE = Automatic;
				DEVELOPMENT_TEAM = "";
				INFOPLIST_FILE = MyKanji/Info.plist;
				LD_RUNPATH_SEARCH_PATHS = (
					"$(inherited)",
					"@executable_path/Frameworks",
				);
				PRODUCT_BUNDLE_IDENTIFIER = "com.sivan-payyadakath.MyKanji";
				PRODUCT_NAME = "$(TARGET_NAME)";
				SWIFT_VERSION = 5.0;
				TARGETED_DEVICE_FAMILY = "1,2";
			};
			name = Release;
		};
/* End XCBuildConfiguration section */

/* Begin XCConfigurationList section */
		7B238B80229B6EB40032D00F /* Build configuration list for PBXProject "MyKanji" */ = {
			isa = XCConfigurationList;
			buildConfigurations = (
				7B238B98229B6EB60032D00F /* Debug */,
				7B238B99229B6EB60032D00F /* Release */,
			);
			defaultConfigurationIsVisible = 0;
			defaultConfigurationName = Release;
		};
		7B238B9A229B6EB60032D00F /* Build configuration list for PBXNativeTarget "MyKanji" */ = {
			isa = XCConfigurationList;
			buildConfigurations = (
				7B238B9B229B6EB60032D00F /* Debug */,
				7B238B9C229B6EB60032D00F /* Release */,
			);
			defaultConfigurationIsVisible = 0;
			defaultConfigurationName = Release;
		};
/* End XCConfigurationList section */

/* Begin XCVersionGroup section */
		7B238B8F229B6EB50032D00F /* MyKanji.xcdatamodeld */ = {
			isa = XCVersionGroup;
			children = (
				7B238B90229B6EB50032D00F /* MyKanji.xcdatamodel */,
			);
			currentVersion = 7B238B90229B6EB50032D00F /* MyKanji.xcdatamodel */;
			path = MyKanji.xcdatamodeld;
			sourceTree = "<group>";
			versionGroupType = wrapper.xcdatamodel;
		};
/* End XCVersionGroup section */
	};
	rootObject = 7B238B7D229B6EB40032D00F /* Project object */;
}
